
Microsoft Visual Studio Solution File, Format Version 12.00
# Visual Studio 14
VisualStudioVersion = 14.0.25420.1
MinimumVisualStudioVersion = 10.0.40219.1
Project("{FAE04EC0-301F-11D3-BF4B-00C04F79EFBC}") = "Test.Droid", "Test\Test.Droid\Test.Droid.csproj", "{122E0759-A02C-4978-AB90-65EC5494BB15}"
EndProject
Project("{FAE04EC0-301F-11D3-BF4B-00C04F79EFBC}") = "Test.iOS", "Test\Test.iOS\Test.iOS.csproj", "{FDC65843-8E36-4CCF-BE1F-584B2C35C81C}"
EndProject
Project("{FAE04EC0-301F-11D3-BF4B-00C04F79EFBC}") = "Test.WinPhone", "Test\Test.WinPhone\Test.WinPhone.csproj", "{0A136F14-5700-4B66-868D-C2C16AD59F74}"
EndProject
Project("{FAE04EC0-301F-11D3-BF4B-00C04F79EFBC}") = "Test.UWP", "Test\Test.UWP\Test.UWP.csproj", "{A4DBF55D-59F9-4148-8CFA-14847868BD8E}"
EndProject
Project("{FAE04EC0-301F-11D3-BF4B-00C04F79EFBC}") = "Test.Windows", "Test\Test.Windows\Test.Windows.csproj", "{E82BB4BD-516E-46CE-8414-7D214FF4D1FE}"
EndProject
Project("{FAE04EC0-301F-11D3-BF4B-00C04F79EFBC}") = "Test", "Test\Test\Test.csproj", "{DD849937-3F32-41FF-AC3A-99EB780F4CE5}"
EndProject
Global
	GlobalSection(SolutionConfigurationPlatforms) = preSolution
		Ad-Hoc|Any CPU = Ad-Hoc|Any CPU
		Ad-Hoc|ARM = Ad-Hoc|ARM
		Ad-Hoc|iPhone = Ad-Hoc|iPhone
		Ad-Hoc|iPhoneSimulator = Ad-Hoc|iPhoneSimulator
		Ad-Hoc|x64 = Ad-Hoc|x64
		Ad-Hoc|x86 = Ad-Hoc|x86
		AppStore|Any CPU = AppStore|Any CPU
		AppStore|ARM = AppStore|ARM
		AppStore|iPhone = AppStore|iPhone
		AppStore|iPhoneSimulator = AppStore|iPhoneSimulator
		AppStore|x64 = AppStore|x64
		AppStore|x86 = AppStore|x86
		Debug|Any CPU = Debug|Any CPU
		Debug|ARM = Debug|ARM
		Debug|iPhone = Debug|iPhone
		Debug|iPhoneSimulator = Debug|iPhoneSimulator
		Debug|x64 = Debug|x64
		Debug|x86 = Debug|x86
		Release|Any CPU = Release|Any CPU
		Release|ARM = Release|ARM
		Release|iPhone = Release|iPhone
		Release|iPhoneSimulator = Release|iPhoneSimulator
		Release|x64 = Release|x64
		Release|x86 = Release|x86
	EndGlobalSection
	GlobalSection(ProjectConfigurationPlatforms) = postSolution
		{122E0759-A02C-4978-AB90-65EC5494BB15}.Ad-Hoc|Any CPU.ActiveCfg = Release|Any CPU
		{122E0759-A02C-4978-AB90-65EC5494BB15}.Ad-Hoc|Any CPU.Build.0 = Release|Any CPU
		{122E0759-A02C-4978-AB90-65EC5494BB15}.Ad-Hoc|Any CPU.Deploy.0 = Release|Any CPU
		{122E0759-A02C-4978-AB90-65EC5494BB15}.Ad-Hoc|ARM.ActiveCfg = Release|Any CPU
		{122E0759-A02C-4978-AB90-65EC5494BB15}.Ad-Hoc|ARM.Build.0 = Release|Any CPU
		{122E0759-A02C-4978-AB90-65EC5494BB15}.Ad-Hoc|ARM.Deploy.0 = Release|Any CPU
		{122E0759-A02C-4978-AB90-65EC5494BB15}.Ad-Hoc|iPhone.ActiveCfg = Release|Any CPU
		{122E0759-A02C-4978-AB90-65EC5494BB15}.Ad-Hoc|iPhone.Build.0 = Release|Any CPU
		{122E0759-A02C-4978-AB90-65EC5494BB15}.Ad-Hoc|iPhone.Deploy.0 = Release|Any CPU
		{122E0759-A02C-4978-AB90-65EC5494BB15}.Ad-Hoc|iPhoneSimulator.ActiveCfg = Release|Any CPU
		{122E0759-A02C-4978-AB90-65EC5494BB15}.Ad-Hoc|iPhoneSimulator.Build.0 = Release|Any CPU
		{122E0759-A02C-4978-AB90-65EC5494BB15}.Ad-Hoc|iPhoneSimulator.Deploy.0 = Release|Any CPU
		{122E0759-A02C-4978-AB90-65EC5494BB15}.Ad-Hoc|x64.ActiveCfg = Release|Any CPU
		{122E0759-A02C-4978-AB90-65EC5494BB15}.Ad-Hoc|x64.Build.0 = Release|Any CPU
		{122E0759-A02C-4978-AB90-65EC5494BB15}.Ad-Hoc|x64.Deploy.0 = Release|Any CPU
		{122E0759-A02C-4978-AB90-65EC5494BB15}.Ad-Hoc|x86.ActiveCfg = Release|Any CPU
		{122E0759-A02C-4978-AB90-65EC5494BB15}.Ad-Hoc|x86.Build.0 = Release|Any CPU
		{122E0759-A02C-4978-AB90-65EC5494BB15}.Ad-Hoc|x86.Deploy.0 = Release|Any CPU
		{122E0759-A02C-4978-AB90-65EC5494BB15}.AppStore|Any CPU.ActiveCfg = Release|Any CPU
		{122E0759-A02C-4978-AB90-65EC5494BB15}.AppStore|Any CPU.Build.0 = Release|Any CPU
		{122E0759-A02C-4978-AB90-65EC5494BB15}.AppStore|Any CPU.Deploy.0 = Release|Any CPU
		{122E0759-A02C-4978-AB90-65EC5494BB15}.AppStore|ARM.ActiveCfg = Release|Any CPU
		{122E0759-A02C-4978-AB90-65EC5494BB15}.AppStore|ARM.Build.0 = Release|Any CPU
		{122E0759-A02C-4978-AB90-65EC5494BB15}.AppStore|ARM.Deploy.0 = Release|Any CPU
		{122E0759-A02C-4978-AB90-65EC5494BB15}.AppStore|iPhone.ActiveCfg = Release|Any CPU
		{122E0759-A02C-4978-AB90-65EC5494BB15}.AppStore|iPhone.Build.0 = Release|Any CPU
		{122E0759-A02C-4978-AB90-65EC5494BB15}.AppStore|iPhone.Deploy.0 = Release|Any CPU
		{122E0759-A02C-4978-AB90-65EC5494BB15}.AppStore|iPhoneSimulator.ActiveCfg = Release|Any CPU
		{122E0759-A02C-4978-AB90-65EC5494BB15}.AppStore|iPhoneSimulator.Build.0 = Release|Any CPU
		{122E0759-A02C-4978-AB90-65EC5494BB15}.AppStore|iPhoneSimulator.Deploy.0 = Release|Any CPU
		{122E0759-A02C-4978-AB90-65EC5494BB15}.AppStore|x64.ActiveCfg = Release|Any CPU
		{122E0759-A02C-4978-AB90-65EC5494BB15}.AppStore|x64.Build.0 = Release|Any CPU
		{122E0759-A02C-4978-AB90-65EC5494BB15}.AppStore|x64.Deploy.0 = Release|Any CPU
		{122E0759-A02C-4978-AB90-65EC5494BB15}.AppStore|x86.ActiveCfg = Release|Any CPU
		{122E0759-A02C-4978-AB90-65EC5494BB15}.AppStore|x86.Build.0 = Release|Any CPU
		{122E0759-A02C-4978-AB90-65EC5494BB15}.AppStore|x86.Deploy.0 = Release|Any CPU
		{122E0759-A02C-4978-AB90-65EC5494BB15}.Debug|Any CPU.ActiveCfg = Debug|Any CPU
		{122E0759-A02C-4978-AB90-65EC5494BB15}.Debug|Any CPU.Build.0 = Debug|Any CPU
		{122E0759-A02C-4978-AB90-65EC5494BB15}.Debug|Any CPU.Deploy.0 = Debug|Any CPU
		{122E0759-A02C-4978-AB90-65EC5494BB15}.Debug|ARM.ActiveCfg = Debug|Any CPU
		{122E0759-A02C-4978-AB90-65EC5494BB15}.Debug|ARM.Build.0 = Debug|Any CPU
		{122E0759-A02C-4978-AB90-65EC5494BB15}.Debug|ARM.Deploy.0 = Debug|Any CPU
		{122E0759-A02C-4978-AB90-65EC5494BB15}.Debug|iPhone.ActiveCfg = Debug|Any CPU
		{122E0759-A02C-4978-AB90-65EC5494BB15}.Debug|iPhone.Build.0 = Debug|Any CPU
		{122E0759-A02C-4978-AB90-65EC5494BB15}.Debug|iPhone.Deploy.0 = Debug|Any CPU
		{122E0759-A02C-4978-AB90-65EC5494BB15}.Debug|iPhoneSimulator.ActiveCfg = Debug|Any CPU
		{122E0759-A02C-4978-AB90-65EC5494BB15}.Debug|iPhoneSimulator.Build.0 = Debug|Any CPU
		{122E0759-A02C-4978-AB90-65EC5494BB15}.Debug|iPhoneSimulator.Deploy.0 = Debug|Any CPU
		{122E0759-A02C-4978-AB90-65EC5494BB15}.Debug|x64.ActiveCfg = Debug|Any CPU
		{122E0759-A02C-4978-AB90-65EC5494BB15}.Debug|x64.Build.0 = Debug|Any CPU
		{122E0759-A02C-4978-AB90-65EC5494BB15}.Debug|x64.Deploy.0 = Debug|Any CPU
		{122E0759-A02C-4978-AB90-65EC5494BB15}.Debug|x86.ActiveCfg = Debug|Any CPU
		{122E0759-A02C-4978-AB90-65EC5494BB15}.Debug|x86.Build.0 = Debug|Any CPU
		{122E0759-A02C-4978-AB90-65EC5494BB15}.Debug|x86.Deploy.0 = Debug|Any CPU
		{122E0759-A02C-4978-AB90-65EC5494BB15}.Release|Any CPU.ActiveCfg = Release|Any CPU
		{122E0759-A02C-4978-AB90-65EC5494BB15}.Release|Any CPU.Build.0 = Release|Any CPU
		{122E0759-A02C-4978-AB90-65EC5494BB15}.Release|Any CPU.Deploy.0 = Release|Any CPU
		{122E0759-A02C-4978-AB90-65EC5494BB15}.Release|ARM.ActiveCfg = Release|Any CPU
		{122E0759-A02C-4978-AB90-65EC5494BB15}.Release|ARM.Build.0 = Release|Any CPU
		{122E0759-A02C-4978-AB90-65EC5494BB15}.Release|ARM.Deploy.0 = Release|Any CPU
		{122E0759-A02C-4978-AB90-65EC5494BB15}.Release|iPhone.ActiveCfg = Release|Any CPU
		{122E0759-A02C-4978-AB90-65EC5494BB15}.Release|iPhone.Build.0 = Release|Any CPU
		{122E0759-A02C-4978-AB90-65EC5494BB15}.Release|iPhone.Deploy.0 = Release|Any CPU
		{122E0759-A02C-4978-AB90-65EC5494BB15}.Release|iPhoneSimulator.ActiveCfg = Release|Any CPU
		{122E0759-A02C-4978-AB90-65EC5494BB15}.Release|iPhoneSimulator.Build.0 = Release|Any CPU
		{122E0759-A02C-4978-AB90-65EC5494BB15}.Release|iPhoneSimulator.Deploy.0 = Release|Any CPU
		{122E0759-A02C-4978-AB90-65EC5494BB15}.Release|x64.ActiveCfg = Release|Any CPU
		{122E0759-A02C-4978-AB90-65EC5494BB15}.Release|x64.Build.0 = Release|Any CPU
		{122E0759-A02C-4978-AB90-65EC5494BB15}.Release|x64.Deploy.0 = Release|Any CPU
		{122E0759-A02C-4978-AB90-65EC5494BB15}.Release|x86.ActiveCfg = Release|Any CPU
		{122E0759-A02C-4978-AB90-65EC5494BB15}.Release|x86.Build.0 = Release|Any CPU
		{122E0759-A02C-4978-AB90-65EC5494BB15}.Release|x86.Deploy.0 = Release|Any CPU
		{FDC65843-8E36-4CCF-BE1F-584B2C35C81C}.Ad-Hoc|Any CPU.ActiveCfg = Ad-Hoc|iPhone
		{FDC65843-8E36-4CCF-BE1F-584B2C35C81C}.Ad-Hoc|ARM.ActiveCfg = Ad-Hoc|iPhone
		{FDC65843-8E36-4CCF-BE1F-584B2C35C81C}.Ad-Hoc|iPhone.ActiveCfg = Ad-Hoc|iPhone
		{FDC65843-8E36-4CCF-BE1F-584B2C35C81C}.Ad-Hoc|iPhone.Build.0 = Ad-Hoc|iPhone
		{FDC65843-8E36-4CCF-BE1F-584B2C35C81C}.Ad-Hoc|iPhoneSimulator.ActiveCfg = Ad-Hoc|iPhoneSimulator
		{FDC65843-8E36-4CCF-BE1F-584B2C35C81C}.Ad-Hoc|iPhoneSimulator.Build.0 = Ad-Hoc|iPhoneSimulator
		{FDC65843-8E36-4CCF-BE1F-584B2C35C81C}.Ad-Hoc|x64.ActiveCfg = Ad-Hoc|iPhone
		{FDC65843-8E36-4CCF-BE1F-584B2C35C81C}.Ad-Hoc|x86.ActiveCfg = Ad-Hoc|iPhone
		{FDC65843-8E36-4CCF-BE1F-584B2C35C81C}.AppStore|Any CPU.ActiveCfg = AppStore|iPhone
		{FDC65843-8E36-4CCF-BE1F-584B2C35C81C}.AppStore|ARM.ActiveCfg = AppStore|iPhone
		{FDC65843-8E36-4CCF-BE1F-584B2C35C81C}.AppStore|iPhone.ActiveCfg = AppStore|iPhone
		{FDC65843-8E36-4CCF-BE1F-584B2C35C81C}.AppStore|iPhone.Build.0 = AppStore|iPhone
		{FDC65843-8E36-4CCF-BE1F-584B2C35C81C}.AppStore|iPhoneSimulator.ActiveCfg = AppStore|iPhoneSimulator
		{FDC65843-8E36-4CCF-BE1F-584B2C35C81C}.AppStore|iPhoneSimulator.Build.0 = AppStore|iPhoneSimulator
		{FDC65843-8E36-4CCF-BE1F-584B2C35C81C}.AppStore|x64.ActiveCfg = AppStore|iPhone
		{FDC65843-8E36-4CCF-BE1F-584B2C35C81C}.AppStore|x86.ActiveCfg = AppStore|iPhone
		{FDC65843-8E36-4CCF-BE1F-584B2C35C81C}.Debug|Any CPU.ActiveCfg = Debug|iPhone
		{FDC65843-8E36-4CCF-BE1F-584B2C35C81C}.Debug|ARM.ActiveCfg = Debug|iPhone
		{FDC65843-8E36-4CCF-BE1F-584B2C35C81C}.Debug|iPhone.ActiveCfg = Debug|iPhone
		{FDC65843-8E36-4CCF-BE1F-584B2C35C81C}.Debug|iPhone.Build.0 = Debug|iPhone
		{FDC65843-8E36-4CCF-BE1F-584B2C35C81C}.Debug|iPhoneSimulator.ActiveCfg = Debug|iPhoneSimulator
		{FDC65843-8E36-4CCF-BE1F-584B2C35C81C}.Debug|iPhoneSimulator.Build.0 = Debug|iPhoneSimulator
		{FDC65843-8E36-4CCF-BE1F-584B2C35C81C}.Debug|x64.ActiveCfg = Debug|iPhone
		{FDC65843-8E36-4CCF-BE1F-584B2C35C81C}.Debug|x86.ActiveCfg = Debug|iPhone
		{FDC65843-8E36-4CCF-BE1F-584B2C35C81C}.Release|Any CPU.ActiveCfg = Release|iPhone
		{FDC65843-8E36-4CCF-BE1F-584B2C35C81C}.Release|ARM.ActiveCfg = Release|iPhone
		{FDC65843-8E36-4CCF-BE1F-584B2C35C81C}.Release|iPhone.ActiveCfg = Release|iPhone
		{FDC65843-8E36-4CCF-BE1F-584B2C35C81C}.Release|iPhone.Build.0 = Release|iPhone
		{FDC65843-8E36-4CCF-BE1F-584B2C35C81C}.Release|iPhoneSimulator.ActiveCfg = Release|iPhoneSimulator
		{FDC65843-8E36-4CCF-BE1F-584B2C35C81C}.Release|iPhoneSimulator.Build.0 = Release|iPhoneSimulator
		{FDC65843-8E36-4CCF-BE1F-584B2C35C81C}.Release|x64.ActiveCfg = Release|iPhone
		{FDC65843-8E36-4CCF-BE1F-584B2C35C81C}.Release|x86.ActiveCfg = Release|iPhone
		{0A136F14-5700-4B66-868D-C2C16AD59F74}.Ad-Hoc|Any CPU.ActiveCfg = Release|Any CPU
		{0A136F14-5700-4B66-868D-C2C16AD59F74}.Ad-Hoc|Any CPU.Build.0 = Release|Any CPU
		{0A136F14-5700-4B66-868D-C2C16AD59F74}.Ad-Hoc|Any CPU.Deploy.0 = Release|Any CPU
		{0A136F14-5700-4B66-868D-C2C16AD59F74}.Ad-Hoc|ARM.ActiveCfg = Release|ARM
		{0A136F14-5700-4B66-868D-C2C16AD59F74}.Ad-Hoc|ARM.Build.0 = Release|ARM
		{0A136F14-5700-4B66-868D-C2C16AD59F74}.Ad-Hoc|ARM.Deploy.0 = Release|ARM
		{0A136F14-5700-4B66-868D-C2C16AD59F74}.Ad-Hoc|iPhone.ActiveCfg = Release|Any CPU
		{0A136F14-5700-4B66-868D-C2C16AD59F74}.Ad-Hoc|iPhone.Build.0 = Release|Any CPU
		{0A136F14-5700-4B66-868D-C2C16AD59F74}.Ad-Hoc|iPhone.Deploy.0 = Release|Any CPU
		{0A136F14-5700-4B66-868D-C2C16AD59F74}.Ad-Hoc|iPhoneSimulator.ActiveCfg = Release|Any CPU
		{0A136F14-5700-4B66-868D-C2C16AD59F74}.Ad-Hoc|iPhoneSimulator.Build.0 = Release|Any CPU
		{0A136F14-5700-4B66-868D-C2C16AD59F74}.Ad-Hoc|iPhoneSimulator.Deploy.0 = Release|Any CPU
		{0A136F14-5700-4B66-868D-C2C16AD59F74}.Ad-Hoc|x64.ActiveCfg = Release|Any CPU
		{0A136F14-5700-4B66-868D-C2C16AD59F74}.Ad-Hoc|x64.Build.0 = Release|Any CPU
		{0A136F14-5700-4B66-868D-C2C16AD59F74}.Ad-Hoc|x64.Deploy.0 = Release|Any CPU
		{0A136F14-5700-4B66-868D-C2C16AD59F74}.Ad-Hoc|x86.ActiveCfg = Release|x86
		{0A136F14-5700-4B66-868D-C2C16AD59F74}.Ad-Hoc|x86.Build.0 = Release|x86
		{0A136F14-5700-4B66-868D-C2C16AD59F74}.Ad-Hoc|x86.Deploy.0 = Release|x86
		{0A136F14-5700-4B66-868D-C2C16AD59F74}.AppStore|Any CPU.ActiveCfg = Release|Any CPU
		{0A136F14-5700-4B66-868D-C2C16AD59F74}.AppStore|Any CPU.Build.0 = Release|Any CPU
		{0A136F14-5700-4B66-868D-C2C16AD59F74}.AppStore|Any CPU.Deploy.0 = Release|Any CPU
		{0A136F14-5700-4B66-868D-C2C16AD59F74}.AppStore|ARM.ActiveCfg = Release|ARM
		{0A136F14-5700-4B66-868D-C2C16AD59F74}.AppStore|ARM.Build.0 = Release|ARM
		{0A136F14-5700-4B66-868D-C2C16AD59F74}.AppStore|ARM.Deploy.0 = Release|ARM
		{0A136F14-5700-4B66-868D-C2C16AD59F74}.AppStore|iPhone.ActiveCfg = Release|Any CPU
		{0A136F14-5700-4B66-868D-C2C16AD59F74}.AppStore|iPhone.Build.0 = Release|Any CPU
		{0A136F14-5700-4B66-868D-C2C16AD59F74}.AppStore|iPhone.Deploy.0 = Release|Any CPU
		{0A136F14-5700-4B66-868D-C2C16AD59F74}.AppStore|iPhoneSimulator.ActiveCfg = Release|Any CPU
		{0A136F14-5700-4B66-868D-C2C16AD59F74}.AppStore|iPhoneSimulator.Build.0 = Release|Any CPU
		{0A136F14-5700-4B66-868D-C2C16AD59F74}.AppStore|iPhoneSimulator.Deploy.0 = Release|Any CPU
		{0A136F14-5700-4B66-868D-C2C16AD59F74}.AppStore|x64.ActiveCfg = Release|Any CPU
		{0A136F14-5700-4B66-868D-C2C16AD59F74}.AppStore|x64.Build.0 = Release|Any CPU
		{0A136F14-5700-4B66-868D-C2C16AD59F74}.AppStore|x64.Deploy.0 = Release|Any CPU
		{0A136F14-5700-4B66-868D-C2C16AD59F74}.AppStore|x86.ActiveCfg = Release|x86
		{0A136F14-5700-4B66-868D-C2C16AD59F74}.AppStore|x86.Build.0 = Release|x86
		{0A136F14-5700-4B66-868D-C2C16AD59F74}.AppStore|x86.Deploy.0 = Release|x86
		{0A136F14-5700-4B66-868D-C2C16AD59F74}.Debug|Any CPU.ActiveCfg = Debug|Any CPU
		{0A136F14-5700-4B66-868D-C2C16AD59F74}.Debug|Any CPU.Build.0 = Debug|Any CPU
		{0A136F14-5700-4B66-868D-C2C16AD59F74}.Debug|Any CPU.Deploy.0 = Debug|Any CPU
		{0A136F14-5700-4B66-868D-C2C16AD59F74}.Debug|ARM.ActiveCfg = Debug|ARM
		{0A136F14-5700-4B66-868D-C2C16AD59F74}.Debug|ARM.Build.0 = Debug|ARM
		{0A136F14-5700-4B66-868D-C2C16AD59F74}.Debug|ARM.Deploy.0 = Debug|ARM
		{0A136F14-5700-4B66-868D-C2C16AD59F74}.Debug|iPhone.ActiveCfg = Debug|Any CPU
		{0A136F14-5700-4B66-868D-C2C16AD59F74}.Debug|iPhone.Build.0 = Debug|Any CPU
		{0A136F14-5700-4B66-868D-C2C16AD59F74}.Debug|iPhone.Deploy.0 = Debug|Any CPU
		{0A136F14-5700-4B66-868D-C2C16AD59F74}.Debug|iPhoneSimulator.ActiveCfg = Debug|Any CPU
		{0A136F14-5700-4B66-868D-C2C16AD59F74}.Debug|iPhoneSimulator.Build.0 = Debug|Any CPU
		{0A136F14-5700-4B66-868D-C2C16AD59F74}.Debug|iPhoneSimulator.Deploy.0 = Debug|Any CPU
		{0A136F14-5700-4B66-868D-C2C16AD59F74}.Debug|x64.ActiveCfg = Debug|Any CPU
		{0A136F14-5700-4B66-868D-C2C16AD59F74}.Debug|x64.Build.0 = Debug|Any CPU
		{0A136F14-5700-4B66-868D-C2C16AD59F74}.Debug|x64.Deploy.0 = Debug|Any CPU
		{0A136F14-5700-4B66-868D-C2C16AD59F74}.Debug|x86.ActiveCfg = Debug|x86
		{0A136F14-5700-4B66-868D-C2C16AD59F74}.Debug|x86.Build.0 = Debug|x86
		{0A136F14-5700-4B66-868D-C2C16AD59F74}.Debug|x86.Deploy.0 = Debug|x86
		{0A136F14-5700-4B66-868D-C2C16AD59F74}.Release|Any CPU.ActiveCfg = Release|Any CPU
		{0A136F14-5700-4B66-868D-C2C16AD59F74}.Release|Any CPU.Build.0 = Release|Any CPU
		{0A136F14-5700-4B66-868D-C2C16AD59F74}.Release|Any CPU.Deploy.0 = Release|Any CPU
		{0A136F14-5700-4B66-868D-C2C16AD59F74}.Release|ARM.ActiveCfg = Release|ARM
		{0A136F14-5700-4B66-868D-C2C16AD59F74}.Release|ARM.Build.0 = Release|ARM
		{0A136F14-5700-4B66-868D-C2C16AD59F74}.Release|ARM.Deploy.0 = Release|ARM
		{0A136F14-5700-4B66-868D-C2C16AD59F74}.Release|iPhone.ActiveCfg = Release|Any CPU
		{0A136F14-5700-4B66-868D-C2C16AD59F74}.Release|iPhone.Build.0 = Release|Any CPU
		{0A136F14-5700-4B66-868D-C2C16AD59F74}.Release|iPhone.Deploy.0 = Release|Any CPU
		{0A136F14-5700-4B66-868D-C2C16AD59F74}.Release|iPhoneSimulator.ActiveCfg = Release|Any CPU
		{0A136F14-5700-4B66-868D-C2C16AD59F74}.Release|iPhoneSimulator.Build.0 = Release|Any CPU
		{0A136F14-5700-4B66-868D-C2C16AD59F74}.Release|iPhoneSimulator.Deploy.0 = Release|Any CPU
		{0A136F14-5700-4B66-868D-C2C16AD59F74}.Release|x64.ActiveCfg = Release|Any CPU
		{0A136F14-5700-4B66-868D-C2C16AD59F74}.Release|x64.Build.0 = Release|Any CPU
		{0A136F14-5700-4B66-868D-C2C16AD59F74}.Release|x64.Deploy.0 = Release|Any CPU
		{0A136F14-5700-4B66-868D-C2C16AD59F74}.Release|x86.ActiveCfg = Release|x86
		{0A136F14-5700-4B66-868D-C2C16AD59F74}.Release|x86.Build.0 = Release|x86
		{0A136F14-5700-4B66-868D-C2C16AD59F74}.Release|x86.Deploy.0 = Release|x86
		{A4DBF55D-59F9-4148-8CFA-14847868BD8E}.Ad-Hoc|Any CPU.ActiveCfg = Release|x86
		{A4DBF55D-59F9-4148-8CFA-14847868BD8E}.Ad-Hoc|Any CPU.Build.0 = Release|x86
		{A4DBF55D-59F9-4148-8CFA-14847868BD8E}.Ad-Hoc|Any CPU.Deploy.0 = Release|x86
		{A4DBF55D-59F9-4148-8CFA-14847868BD8E}.Ad-Hoc|ARM.ActiveCfg = Release|ARM
		{A4DBF55D-59F9-4148-8CFA-14847868BD8E}.Ad-Hoc|ARM.Build.0 = Release|ARM
		{A4DBF55D-59F9-4148-8CFA-14847868BD8E}.Ad-Hoc|ARM.Deploy.0 = Release|ARM
		{A4DBF55D-59F9-4148-8CFA-14847868BD8E}.Ad-Hoc|iPhone.ActiveCfg = Release|x86
		{A4DBF55D-59F9-4148-8CFA-14847868BD8E}.Ad-Hoc|iPhone.Build.0 = Release|x86
		{A4DBF55D-59F9-4148-8CFA-14847868BD8E}.Ad-Hoc|iPhone.Deploy.0 = Release|x86
		{A4DBF55D-59F9-4148-8CFA-14847868BD8E}.Ad-Hoc|iPhoneSimulator.ActiveCfg = Release|x86
		{A4DBF55D-59F9-4148-8CFA-14847868BD8E}.Ad-Hoc|iPhoneSimulator.Build.0 = Release|x86
		{A4DBF55D-59F9-4148-8CFA-14847868BD8E}.Ad-Hoc|iPhoneSimulator.Deploy.0 = Release|x86
		{A4DBF55D-59F9-4148-8CFA-14847868BD8E}.Ad-Hoc|x64.ActiveCfg = Release|x64
		{A4DBF55D-59F9-4148-8CFA-14847868BD8E}.Ad-Hoc|x64.Build.0 = Release|x64
		{A4DBF55D-59F9-4148-8CFA-14847868BD8E}.Ad-Hoc|x64.Deploy.0 = Release|x64
		{A4DBF55D-59F9-4148-8CFA-14847868BD8E}.Ad-Hoc|x86.ActiveCfg = Release|x86
		{A4DBF55D-59F9-4148-8CFA-14847868BD8E}.Ad-Hoc|x86.Build.0 = Release|x86
		{A4DBF55D-59F9-4148-8CFA-14847868BD8E}.Ad-Hoc|x86.Deploy.0 = Release|x86
		{A4DBF55D-59F9-4148-8CFA-14847868BD8E}.AppStore|Any CPU.ActiveCfg = Release|x86
		{A4DBF55D-59F9-4148-8CFA-14847868BD8E}.AppStore|Any CPU.Build.0 = Release|x86
		{A4DBF55D-59F9-4148-8CFA-14847868BD8E}.AppStore|Any CPU.Deploy.0 = Release|x86
		{A4DBF55D-59F9-4148-8CFA-14847868BD8E}.AppStore|ARM.ActiveCfg = Release|ARM
		{A4DBF55D-59F9-4148-8CFA-14847868BD8E}.AppStore|ARM.Build.0 = Release|ARM
		{A4DBF55D-59F9-4148-8CFA-14847868BD8E}.AppStore|ARM.Deploy.0 = Release|ARM
		{A4DBF55D-59F9-4148-8CFA-14847868BD8E}.AppStore|iPhone.ActiveCfg = Release|x86
		{A4DBF55D-59F9-4148-8CFA-14847868BD8E}.AppStore|iPhone.Build.0 = Release|x86
		{A4DBF55D-59F9-4148-8CFA-14847868BD8E}.AppStore|iPhone.Deploy.0 = Release|x86
		{A4DBF55D-59F9-4148-8CFA-14847868BD8E}.AppStore|iPhoneSimulator.ActiveCfg = Release|x86
		{A4DBF55D-59F9-4148-8CFA-14847868BD8E}.AppStore|iPhoneSimulator.Build.0 = Release|x86
		{A4DBF55D-59F9-4148-8CFA-14847868BD8E}.AppStore|iPhoneSimulator.Deploy.0 = Release|x86
		{A4DBF55D-59F9-4148-8CFA-14847868BD8E}.AppStore|x64.ActiveCfg = Release|x64
		{A4DBF55D-59F9-4148-8CFA-14847868BD8E}.AppStore|x64.Build.0 = Release|x64
		{A4DBF55D-59F9-4148-8CFA-14847868BD8E}.AppStore|x64.Deploy.0 = Release|x64
		{A4DBF55D-59F9-4148-8CFA-14847868BD8E}.AppStore|x86.ActiveCfg = Release|x86
		{A4DBF55D-59F9-4148-8CFA-14847868BD8E}.AppStore|x86.Build.0 = Release|x86
		{A4DBF55D-59F9-4148-8CFA-14847868BD8E}.AppStore|x86.Deploy.0 = Release|x86
		{A4DBF55D-59F9-4148-8CFA-14847868BD8E}.Debug|Any CPU.ActiveCfg = Debug|x86
		{A4DBF55D-59F9-4148-8CFA-14847868BD8E}.Debug|ARM.ActiveCfg = Debug|ARM
		{A4DBF55D-59F9-4148-8CFA-14847868BD8E}.Debug|ARM.Build.0 = Debug|ARM
		{A4DBF55D-59F9-4148-8CFA-14847868BD8E}.Debug|ARM.Deploy.0 = Debug|ARM
		{A4DBF55D-59F9-4148-8CFA-14847868BD8E}.Debug|iPhone.ActiveCfg = Debug|x86
		{A4DBF55D-59F9-4148-8CFA-14847868BD8E}.Debug|iPhoneSimulator.ActiveCfg = Debug|x86
		{A4DBF55D-59F9-4148-8CFA-14847868BD8E}.Debug|x64.ActiveCfg = Debug|x64
		{A4DBF55D-59F9-4148-8CFA-14847868BD8E}.Debug|x64.Build.0 = Debug|x64
		{A4DBF55D-59F9-4148-8CFA-14847868BD8E}.Debug|x64.Deploy.0 = Debug|x64
		{A4DBF55D-59F9-4148-8CFA-14847868BD8E}.Debug|x86.ActiveCfg = Debug|x86
		{A4DBF55D-59F9-4148-8CFA-14847868BD8E}.Debug|x86.Build.0 = Debug|x86
		{A4DBF55D-59F9-4148-8CFA-14847868BD8E}.Debug|x86.Deploy.0 = Debug|x86
		{A4DBF55D-59F9-4148-8CFA-14847868BD8E}.Release|Any CPU.ActiveCfg = Release|x86
		{A4DBF55D-59F9-4148-8CFA-14847868BD8E}.Release|ARM.ActiveCfg = Release|ARM
		{A4DBF55D-59F9-4148-8CFA-14847868BD8E}.Release|ARM.Build.0 = Release|ARM
		{A4DBF55D-59F9-4148-8CFA-14847868BD8E}.Release|ARM.Deploy.0 = Release|ARM
		{A4DBF55D-59F9-4148-8CFA-14847868BD8E}.Release|iPhone.ActiveCfg = Release|x86
		{A4DBF55D-59F9-4148-8CFA-14847868BD8E}.Release|iPhoneSimulator.ActiveCfg = Release|x86
		{A4DBF55D-59F9-4148-8CFA-14847868BD8E}.Release|x64.ActiveCfg = Release|x64
		{A4DBF55D-59F9-4148-8CFA-14847868BD8E}.Release|x64.Build.0 = Release|x64
		{A4DBF55D-59F9-4148-8CFA-14847868BD8E}.Release|x64.Deploy.0 = Release|x64
		{A4DBF55D-59F9-4148-8CFA-14847868BD8E}.Release|x86.ActiveCfg = Release|x86
		{A4DBF55D-59F9-4148-8CFA-14847868BD8E}.Release|x86.Build.0 = Release|x86
		{A4DBF55D-59F9-4148-8CFA-14847868BD8E}.Release|x86.Deploy.0 = Release|x86
		{E82BB4BD-516E-46CE-8414-7D214FF4D1FE}.Ad-Hoc|Any CPU.ActiveCfg = Release|Any CPU
		{E82BB4BD-516E-46CE-8414-7D214FF4D1FE}.Ad-Hoc|Any CPU.Build.0 = Release|Any CPU
		{E82BB4BD-516E-46CE-8414-7D214FF4D1FE}.Ad-Hoc|Any CPU.Deploy.0 = Release|Any CPU
		{E82BB4BD-516E-46CE-8414-7D214FF4D1FE}.Ad-Hoc|ARM.ActiveCfg = Release|ARM
		{E82BB4BD-516E-46CE-8414-7D214FF4D1FE}.Ad-Hoc|ARM.Build.0 = Release|ARM
		{E82BB4BD-516E-46CE-8414-7D214FF4D1FE}.Ad-Hoc|ARM.Deploy.0 = Release|ARM
		{E82BB4BD-516E-46CE-8414-7D214FF4D1FE}.Ad-Hoc|iPhone.ActiveCfg = Release|Any CPU
		{E82BB4BD-516E-46CE-8414-7D214FF4D1FE}.Ad-Hoc|iPhone.Build.0 = Release|Any CPU
		{E82BB4BD-516E-46CE-8414-7D214FF4D1FE}.Ad-Hoc|iPhone.Deploy.0 = Release|Any CPU
		{E82BB4BD-516E-46CE-8414-7D214FF4D1FE}.Ad-Hoc|iPhoneSimulator.ActiveCfg = Release|Any CPU
		{E82BB4BD-516E-46CE-8414-7D214FF4D1FE}.Ad-Hoc|iPhoneSimulator.Build.0 = Release|Any CPU
		{E82BB4BD-516E-46CE-8414-7D214FF4D1FE}.Ad-Hoc|iPhoneSimulator.Deploy.0 = Release|Any CPU
		{E82BB4BD-516E-46CE-8414-7D214FF4D1FE}.Ad-Hoc|x64.ActiveCfg = Release|x64
		{E82BB4BD-516E-46CE-8414-7D214FF4D1FE}.Ad-Hoc|x64.Build.0 = Release|x64
		{E82BB4BD-516E-46CE-8414-7D214FF4D1FE}.Ad-Hoc|x64.Deploy.0 = Release|x64
		{E82BB4BD-516E-46CE-8414-7D214FF4D1FE}.Ad-Hoc|x86.ActiveCfg = Release|x86
		{E82BB4BD-516E-46CE-8414-7D214FF4D1FE}.Ad-Hoc|x86.Build.0 = Release|x86
		{E82BB4BD-516E-46CE-8414-7D214FF4D1FE}.Ad-Hoc|x86.Deploy.0 = Release|x86
		{E82BB4BD-516E-46CE-8414-7D214FF4D1FE}.AppStore|Any CPU.ActiveCfg = Release|Any CPU
		{E82BB4BD-516E-46CE-8414-7D214FF4D1FE}.AppStore|Any CPU.Build.0 = Release|Any CPU
		{E82BB4BD-516E-46CE-8414-7D214FF4D1FE}.AppStore|Any CPU.Deploy.0 = Release|Any CPU
		{E82BB4BD-516E-46CE-8414-7D214FF4D1FE}.AppStore|ARM.ActiveCfg = Release|ARM
		{E82BB4BD-516E-46CE-8414-7D214FF4D1FE}.AppStore|ARM.Build.0 = Release|ARM
		{E82BB4BD-516E-46CE-8414-7D214FF4D1FE}.AppStore|ARM.Deploy.0 = Release|ARM
		{E82BB4BD-516E-46CE-8414-7D214FF4D1FE}.AppStore|iPhone.ActiveCfg = Release|Any CPU
		{E82BB4BD-516E-46CE-8414-7D214FF4D1FE}.AppStore|iPhone.Build.0 = Release|Any CPU
		{E82BB4BD-516E-46CE-8414-7D214FF4D1FE}.AppStore|iPhone.Deploy.0 = Release|Any CPU
		{E82BB4BD-516E-46CE-8414-7D214FF4D1FE}.AppStore|iPhoneSimulator.ActiveCfg = Release|Any CPU
		{E82BB4BD-516E-46CE-8414-7D214FF4D1FE}.AppStore|iPhoneSimulator.Build.0 = Release|Any CPU
		{E82BB4BD-516E-46CE-8414-7D214FF4D1FE}.AppStore|iPhoneSimulator.Deploy.0 = Release|Any CPU
		{E82BB4BD-516E-46CE-8414-7D214FF4D1FE}.AppStore|x64.ActiveCfg = Release|x64
		{E82BB4BD-516E-46CE-8414-7D214FF4D1FE}.AppStore|x64.Build.0 = Release|x64
		{E82BB4BD-516E-46CE-8414-7D214FF4D1FE}.AppStore|x64.Deploy.0 = Release|x64
		{E82BB4BD-516E-46CE-8414-7D214FF4D1FE}.AppStore|x86.ActiveCfg = Release|x86
		{E82BB4BD-516E-46CE-8414-7D214FF4D1FE}.AppStore|x86.Build.0 = Release|x86
		{E82BB4BD-516E-46CE-8414-7D214FF4D1FE}.AppStore|x86.Deploy.0 = Release|x86
		{E82BB4BD-516E-46CE-8414-7D214FF4D1FE}.Debug|Any CPU.ActiveCfg = Debug|Any CPU
		{E82BB4BD-516E-46CE-8414-7D214FF4D1FE}.Debug|Any CPU.Build.0 = Debug|Any CPU
		{E82BB4BD-516E-46CE-8414-7D214FF4D1FE}.Debug|Any CPU.Deploy.0 = Debug|Any CPU
		{E82BB4BD-516E-46CE-8414-7D214FF4D1FE}.Debug|ARM.ActiveCfg = Debug|ARM
		{E82BB4BD-516E-46CE-8414-7D214FF4D1FE}.Debug|ARM.Build.0 = Debug|ARM
		{E82BB4BD-516E-46CE-8414-7D214FF4D1FE}.Debug|ARM.Deploy.0 = Debug|ARM
		{E82BB4BD-516E-46CE-8414-7D214FF4D1FE}.Debug|iPhone.ActiveCfg = Debug|Any CPU
		{E82BB4BD-516E-46CE-8414-7D214FF4D1FE}.Debug|iPhone.Build.0 = Debug|Any CPU
		{E82BB4BD-516E-46CE-8414-7D214FF4D1FE}.Debug|iPhone.Deploy.0 = Debug|Any CPU
		{E82BB4BD-516E-46CE-8414-7D214FF4D1FE}.Debug|iPhoneSimulator.ActiveCfg = Debug|Any CPU
		{E82BB4BD-516E-46CE-8414-7D214FF4D1FE}.Debug|iPhoneSimulator.Build.0 = Debug|Any CPU
		{E82BB4BD-516E-46CE-8414-7D214FF4D1FE}.Debug|iPhoneSimulator.Deploy.0 = Debug|Any CPU
		{E82BB4BD-516E-46CE-8414-7D214FF4D1FE}.Debug|x64.ActiveCfg = Debug|x64
		{E82BB4BD-516E-46CE-8414-7D214FF4D1FE}.Debug|x64.Build.0 = Debug|x64
		{E82BB4BD-516E-46CE-8414-7D214FF4D1FE}.Debug|x64.Deploy.0 = Debug|x64
		{E82BB4BD-516E-46CE-8414-7D214FF4D1FE}.Debug|x86.ActiveCfg = Debug|x86
		{E82BB4BD-516E-46CE-8414-7D214FF4D1FE}.Debug|x86.Build.0 = Debug|x86
		{E82BB4BD-516E-46CE-8414-7D214FF4D1FE}.Debug|x86.Deploy.0 = Debug|x86
		{E82BB4BD-516E-46CE-8414-7D214FF4D1FE}.Release|Any CPU.ActiveCfg = Release|Any CPU
		{E82BB4BD-516E-46CE-8414-7D214FF4D1FE}.Release|Any CPU.Build.0 = Release|Any CPU
		{E82BB4BD-516E-46CE-8414-7D214FF4D1FE}.Release|Any CPU.Deploy.0 = Release|Any CPU
		{E82BB4BD-516E-46CE-8414-7D214FF4D1FE}.Release|ARM.ActiveCfg = Release|ARM
		{E82BB4BD-516E-46CE-8414-7D214FF4D1FE}.Release|ARM.Build.0 = Release|ARM
		{E82BB4BD-516E-46CE-8414-7D214FF4D1FE}.Release|ARM.Deploy.0 = Release|ARM
		{E82BB4BD-516E-46CE-8414-7D214FF4D1FE}.Release|iPhone.ActiveCfg = Release|Any CPU
		{E82BB4BD-516E-46CE-8414-7D214FF4D1FE}.Release|iPhone.Build.0 = Release|Any CPU
		{E82BB4BD-516E-46CE-8414-7D214FF4D1FE}.Release|iPhone.Deploy.0 = Release|Any CPU
		{E82BB4BD-516E-46CE-8414-7D214FF4D1FE}.Release|iPhoneSimulator.ActiveCfg = Release|Any CPU
		{E82BB4BD-516E-46CE-8414-7D214FF4D1FE}.Release|iPhoneSimulator.Build.0 = Release|Any CPU
		{E82BB4BD-516E-46CE-8414-7D214FF4D1FE}.Release|iPhoneSimulator.Deploy.0 = Release|Any CPU
		{E82BB4BD-516E-46CE-8414-7D214FF4D1FE}.Release|x64.ActiveCfg = Release|x64
		{E82BB4BD-516E-46CE-8414-7D214FF4D1FE}.Release|x64.Build.0 = Release|x64
		{E82BB4BD-516E-46CE-8414-7D214FF4D1FE}.Release|x64.Deploy.0 = Release|x64
		{E82BB4BD-516E-46CE-8414-7D214FF4D1FE}.Release|x86.ActiveCfg = Release|x86
		{E82BB4BD-516E-46CE-8414-7D214FF4D1FE}.Release|x86.Build.0 = Release|x86
		{E82BB4BD-516E-46CE-8414-7D214FF4D1FE}.Release|x86.Deploy.0 = Release|x86
		{DD849937-3F32-41FF-AC3A-99EB780F4CE5}.Ad-Hoc|Any CPU.ActiveCfg = Release|Any CPU
		{DD849937-3F32-41FF-AC3A-99EB780F4CE5}.Ad-Hoc|Any CPU.Build.0 = Release|Any CPU
		{DD849937-3F32-41FF-AC3A-99EB780F4CE5}.Ad-Hoc|ARM.ActiveCfg = Release|Any CPU
		{DD849937-3F32-41FF-AC3A-99EB780F4CE5}.Ad-Hoc|ARM.Build.0 = Release|Any CPU
		{DD849937-3F32-41FF-AC3A-99EB780F4CE5}.Ad-Hoc|iPhone.ActiveCfg = Release|Any CPU
		{DD849937-3F32-41FF-AC3A-99EB780F4CE5}.Ad-Hoc|iPhone.Build.0 = Release|Any CPU
		{DD849937-3F32-41FF-AC3A-99EB780F4CE5}.Ad-Hoc|iPhoneSimulator.ActiveCfg = Release|Any CPU
		{DD849937-3F32-41FF-AC3A-99EB780F4CE5}.Ad-Hoc|iPhoneSimulator.Build.0 = Release|Any CPU
		{DD849937-3F32-41FF-AC3A-99EB780F4CE5}.Ad-Hoc|x64.ActiveCfg = Release|Any CPU
		{DD849937-3F32-41FF-AC3A-99EB780F4CE5}.Ad-Hoc|x64.Build.0 = Release|Any CPU
		{DD849937-3F32-41FF-AC3A-99EB780F4CE5}.Ad-Hoc|x86.ActiveCfg = Release|Any CPU
		{DD849937-3F32-41FF-AC3A-99EB780F4CE5}.Ad-Hoc|x86.Build.0 = Release|Any CPU
		{DD849937-3F32-41FF-AC3A-99EB780F4CE5}.AppStore|Any CPU.ActiveCfg = Release|Any CPU
		{DD849937-3F32-41FF-AC3A-99EB780F4CE5}.AppStore|Any CPU.Build.0 = Release|Any CPU
		{DD849937-3F32-41FF-AC3A-99EB780F4CE5}.AppStore|ARM.ActiveCfg = Release|Any CPU
		{DD849937-3F32-41FF-AC3A-99EB780F4CE5}.AppStore|ARM.Build.0 = Release|Any CPU
		{DD849937-3F32-41FF-AC3A-99EB780F4CE5}.AppStore|iPhone.ActiveCfg = Release|Any CPU
		{DD849937-3F32-41FF-AC3A-99EB780F4CE5}.AppStore|iPhone.Build.0 = Release|Any CPU
		{DD849937-3F32-41FF-AC3A-99EB780F4CE5}.AppStore|iPhoneSimulator.ActiveCfg = Release|Any CPU
		{DD849937-3F32-41FF-AC3A-99EB780F4CE5}.AppStore|iPhoneSimulator.Build.0 = Release|Any CPU
		{DD849937-3F32-41FF-AC3A-99EB780F4CE5}.AppStore|x64.ActiveCfg = Release|Any CPU
		{DD849937-3F32-41FF-AC3A-99EB780F4CE5}.AppStore|x64.Build.0 = Release|Any CPU
		{DD849937-3F32-41FF-AC3A-99EB780F4CE5}.AppStore|x86.ActiveCfg = Release|Any CPU
		{DD849937-3F32-41FF-AC3A-99EB780F4CE5}.AppStore|x86.Build.0 = Release|Any CPU
		{DD849937-3F32-41FF-AC3A-99EB780F4CE5}.Debug|Any CPU.ActiveCfg = Debug|Any CPU
		{DD849937-3F32-41FF-AC3A-99EB780F4CE5}.Debug|Any CPU.Build.0 = Debug|Any CPU
		{DD849937-3F32-41FF-AC3A-99EB780F4CE5}.Debug|ARM.ActiveCfg = Debug|Any CPU
		{DD849937-3F32-41FF-AC3A-99EB780F4CE5}.Debug|ARM.Build.0 = Debug|Any CPU
		{DD849937-3F32-41FF-AC3A-99EB780F4CE5}.Debug|iPhone.ActiveCfg = Debug|Any CPU
		{DD849937-3F32-41FF-AC3A-99EB780F4CE5}.Debug|iPhone.Build.0 = Debug|Any CPU
		{DD849937-3F32-41FF-AC3A-99EB780F4CE5}.Debug|iPhoneSimulator.ActiveCfg = Debug|Any CPU
		{DD849937-3F32-41FF-AC3A-99EB780F4CE5}.Debug|iPhoneSimulator.Build.0 = Debug|Any CPU
		{DD849937-3F32-41FF-AC3A-99EB780F4CE5}.Debug|x64.ActiveCfg = Debug|Any CPU
		{DD849937-3F32-41FF-AC3A-99EB780F4CE5}.Debug|x64.Build.0 = Debug|Any CPU
		{DD849937-3F32-41FF-AC3A-99EB780F4CE5}.Debug|x86.ActiveCfg = Debug|Any CPU
		{DD849937-3F32-41FF-AC3A-99EB780F4CE5}.Debug|x86.Build.0 = Debug|Any CPU
		{DD849937-3F32-41FF-AC3A-99EB780F4CE5}.Release|Any CPU.ActiveCfg = Release|Any CPU
		{DD849937-3F32-41FF-AC3A-99EB780F4CE5}.Release|Any CPU.Build.0 = Release|Any CPU
		{DD849937-3F32-41FF-AC3A-99EB780F4CE5}.Release|ARM.ActiveCfg = Release|Any CPU
		{DD849937-3F32-41FF-AC3A-99EB780F4CE5}.Release|ARM.Build.0 = Release|Any CPU
		{DD849937-3F32-41FF-AC3A-99EB780F4CE5}.Release|iPhone.ActiveCfg = Release|Any CPU
		{DD849937-3F32-41FF-AC3A-99EB780F4CE5}.Release|iPhone.Build.0 = Release|Any CPU
		{DD849937-3F32-41FF-AC3A-99EB780F4CE5}.Release|iPhoneSimulator.ActiveCfg = Release|Any CPU
		{DD849937-3F32-41FF-AC3A-99EB780F4CE5}.Release|iPhoneSimulator.Build.0 = Release|Any CPU
		{DD849937-3F32-41FF-AC3A-99EB780F4CE5}.Release|x64.ActiveCfg = Release|Any CPU
		{DD849937-3F32-41FF-AC3A-99EB780F4CE5}.Release|x64.Build.0 = Release|Any CPU
		{DD849937-3F32-41FF-AC3A-99EB780F4CE5}.Release|x86.ActiveCfg = Release|Any CPU
		{DD849937-3F32-41FF-AC3A-99EB780F4CE5}.Release|x86.Build.0 = Release|Any CPU
	EndGlobalSection
	GlobalSection(SolutionProperties) = preSolution
		HideSolutionNode = FALSE
	EndGlobalSection
EndGlobal
